schema: '2.0'
stages:
  clean:
    cmd: uv run python src/clean.py
    deps:
    - path: data/raw/events.csv
      hash: md5
      md5: caea00e8395bfb4f75c28eee0f7c14c4
      size: 73198
    - path: src/clean.py
      hash: md5
      md5: 3030549d22f1a5451d35372482579f26
      size: 525
    outs:
    - path: data/clean/events.csv
      hash: md5
      md5: 1cb386ce042cbca731c87352a84e15bd
      size: 59415
  transform:
    cmd: uv run python src/transform.py
    deps:
    - path: data/clean/events.csv
      hash: md5
      md5: 1cb386ce042cbca731c87352a84e15bd
      size: 59415
    - path: src/transform.py
      hash: md5
      md5: 186308d3fd93379d02f3d0f743139c18
      size: 273
    outs:
    - path: data/transformed/events.csv
      hash: md5
      md5: c88a8a6a6bf3f81bc94a92ac9c3e161e
      size: 77152
  features:
    cmd: uv run python src/features.py
    deps:
    - path: data/transformed/events.csv
      hash: md5
      md5: c88a8a6a6bf3f81bc94a92ac9c3e161e
      size: 77152
    - path: src/features.py
      hash: md5
      md5: 36e194891f2dcb04d97b17b5af51da31
      size: 314
    outs:
    - path: data/features/events.csv
      hash: md5
      md5: 9b7086903a82b48ed68a2e0b168f56a3
      size: 113174
